
Microsoft Visual Studio Solution File, Format Version 12.00
# Visual Studio Version 17
VisualStudioVersion = 17.9.34701.34
MinimumVisualStudioVersion = 10.0.40219.1
Project("{FAE04EC0-301F-11D3-BF4B-00C04F79EFBC}") = "RSI_PROJEKT_WS_CLIENT", "RSI_PROJEKT_WS_CLIENT.csproj", "{C9E76887-060F-48CC-AC0F-3A111C774372}"
EndProject
Global
	GlobalSection(SolutionConfigurationPlatforms) = preSolution
		Debug|Any CPU = Debug|Any CPU
		Release|Any CPU = Release|Any CPU
	EndGlobalSection
	GlobalSection(ProjectConfigurationPlatforms) = postSolution
		{C9E76887-060F-48CC-AC0F-3A111C774372}.Debug|Any CPU.ActiveCfg = Debug|Any CPU
		{C9E76887-060F-48CC-AC0F-3A111C774372}.Debug|Any CPU.Build.0 = Debug|Any CPU
		{C9E76887-060F-48CC-AC0F-3A111C774372}.Release|Any CPU.ActiveCfg = Release|Any CPU
		{C9E76887-060F-48CC-AC0F-3A111C774372}.Release|Any CPU.Build.0 = Release|Any CPU
	EndGlobalSection
	GlobalSection(SolutionProperties) = preSolution
		HideSolutionNode = FALSE
	EndGlobalSection
	GlobalSection(ExtensibilityGlobals) = postSolution
		SolutionGuid = {CBA1063E-7D0E-492F-AC17-454BFE5EC7F3}
	EndGlobalSection
EndGlobal
